
Microsoft Visual Studio Solution File, Format Version 12.00
# Visual Studio 15
VisualStudioVersion = 15.0.27004.2010
MinimumVisualStudioVersion = 10.0.40219.1
Project("{F184B08F-C81C-45F6-A57F-5ABD9991F28F}") = "CreoRelationTools", "CreoRelationTools\CreoRelationTools.vbproj", "{1A45C31C-AC4D-497F-9336-DCD7793A8CF3}"
EndProject
Project("{FAE04EC0-301F-11D3-BF4B-00C04F79EFBC}") = "CreoDirRelClear", "CreoDirRelRemove\CreoDirRelClear.csproj", "{D7ECC0B1-6431-4DFC-AFDB-89977C910C5D}"
EndProject
Project("{FAE04EC0-301F-11D3-BF4B-00C04F79EFBC}") = "CreoDirRelAdd", "CreoDirRelAdd\CreoDirRelAdd.csproj", "{BB517DDB-EF95-4968-9BE3-A215C4E31313}"
EndProject
Global
	GlobalSection(SolutionConfigurationPlatforms) = preSolution
		Debug|Any CPU = Debug|Any CPU
		Release|Any CPU = Release|Any CPU
	EndGlobalSection
	GlobalSection(ProjectConfigurationPlatforms) = postSolution
		{1A45C31C-AC4D-497F-9336-DCD7793A8CF3}.Debug|Any CPU.ActiveCfg = Debug|Any CPU
		{1A45C31C-AC4D-497F-9336-DCD7793A8CF3}.Debug|Any CPU.Build.0 = Debug|Any CPU
		{1A45C31C-AC4D-497F-9336-DCD7793A8CF3}.Release|Any CPU.ActiveCfg = Release|Any CPU
		{1A45C31C-AC4D-497F-9336-DCD7793A8CF3}.Release|Any CPU.Build.0 = Release|Any CPU
		{D7ECC0B1-6431-4DFC-AFDB-89977C910C5D}.Debug|Any CPU.ActiveCfg = Debug|Any CPU
		{D7ECC0B1-6431-4DFC-AFDB-89977C910C5D}.Debug|Any CPU.Build.0 = Debug|Any CPU
		{D7ECC0B1-6431-4DFC-AFDB-89977C910C5D}.Release|Any CPU.ActiveCfg = Release|Any CPU
		{D7ECC0B1-6431-4DFC-AFDB-89977C910C5D}.Release|Any CPU.Build.0 = Release|Any CPU
		{BB517DDB-EF95-4968-9BE3-A215C4E31313}.Debug|Any CPU.ActiveCfg = Debug|Any CPU
		{BB517DDB-EF95-4968-9BE3-A215C4E31313}.Debug|Any CPU.Build.0 = Debug|Any CPU
		{BB517DDB-EF95-4968-9BE3-A215C4E31313}.Release|Any CPU.ActiveCfg = Release|Any CPU
		{BB517DDB-EF95-4968-9BE3-A215C4E31313}.Release|Any CPU.Build.0 = Release|Any CPU
	EndGlobalSection
	GlobalSection(SolutionProperties) = preSolution
		HideSolutionNode = FALSE
	EndGlobalSection
	GlobalSection(ExtensibilityGlobals) = postSolution
		SolutionGuid = {9136CFDF-DB7D-43FD-8F7E-6AC38C4F0B3C}
	EndGlobalSection
EndGlobal
