
Microsoft Visual Studio Solution File, Format Version 12.00
# Visual Studio Version 16
VisualStudioVersion = 16.0.30621.155
MinimumVisualStudioVersion = 10.0.40219.1
Project("{FAE04EC0-301F-11D3-BF4B-00C04F79EFBC}") = "CSharpMenuTest", "CSharpMenuTest.csproj", "{9A149AA2-0116-4E32-90EE-F7503A78BCEC}"
EndProject
Global
	GlobalSection(SolutionConfigurationPlatforms) = preSolution
		Debug|Any CPU = Debug|Any CPU
		Release|Any CPU = Release|Any CPU
	EndGlobalSection
	GlobalSection(ProjectConfigurationPlatforms) = postSolution
		{9A149AA2-0116-4E32-90EE-F7503A78BCEC}.Debug|Any CPU.ActiveCfg = Debug|Any CPU
		{9A149AA2-0116-4E32-90EE-F7503A78BCEC}.Debug|Any CPU.Build.0 = Debug|Any CPU
		{9A149AA2-0116-4E32-90EE-F7503A78BCEC}.Release|Any CPU.ActiveCfg = Release|Any CPU
		{9A149AA2-0116-4E32-90EE-F7503A78BCEC}.Release|Any CPU.Build.0 = Release|Any CPU
	EndGlobalSection
	GlobalSection(SolutionProperties) = preSolution
		HideSolutionNode = FALSE
	EndGlobalSection
	GlobalSection(ExtensibilityGlobals) = postSolution
		SolutionGuid = {FE32F732-341D-4B89-A4A2-9A1A94315FC8}
	EndGlobalSection
EndGlobal
