
Microsoft Visual Studio Solution File, Format Version 12.00
# Visual Studio 15
VisualStudioVersion = 15.0.27130.2036
MinimumVisualStudioVersion = 10.0.40219.1
Project("{F184B08F-C81C-45F6-A57F-5ABD9991F28F}") = "chapter7.6", "chapter7.6\chapter7.6.vbproj", "{433A5595-E6C3-45C8-9639-51F4F3265FC0}"
EndProject
Global
	GlobalSection(SolutionConfigurationPlatforms) = preSolution
		Debug|Any CPU = Debug|Any CPU
		Release|Any CPU = Release|Any CPU
	EndGlobalSection
	GlobalSection(ProjectConfigurationPlatforms) = postSolution
		{433A5595-E6C3-45C8-9639-51F4F3265FC0}.Debug|Any CPU.ActiveCfg = Debug|Any CPU
		{433A5595-E6C3-45C8-9639-51F4F3265FC0}.Debug|Any CPU.Build.0 = Debug|Any CPU
		{433A5595-E6C3-45C8-9639-51F4F3265FC0}.Release|Any CPU.ActiveCfg = Release|Any CPU
		{433A5595-E6C3-45C8-9639-51F4F3265FC0}.Release|Any CPU.Build.0 = Release|Any CPU
	EndGlobalSection
	GlobalSection(SolutionProperties) = preSolution
		HideSolutionNode = FALSE
	EndGlobalSection
	GlobalSection(ExtensibilityGlobals) = postSolution
		SolutionGuid = {A6BDCE7C-38FF-4AEE-AE75-37FDCF9331F1}
	EndGlobalSection
EndGlobal
