
Microsoft Visual Studio Solution File, Format Version 12.00
# Visual Studio 15
VisualStudioVersion = 15.0.27130.2036
MinimumVisualStudioVersion = 10.0.40219.1
Project("{F184B08F-C81C-45F6-A57F-5ABD9991F28F}") = "chapter7.4", "chapter7.4\chapter7.4.vbproj", "{4E01B66B-2BA5-40F6-A8E0-7EC59A6E24B7}"
EndProject
Global
	GlobalSection(SolutionConfigurationPlatforms) = preSolution
		Debug|Any CPU = Debug|Any CPU
		Release|Any CPU = Release|Any CPU
	EndGlobalSection
	GlobalSection(ProjectConfigurationPlatforms) = postSolution
		{4E01B66B-2BA5-40F6-A8E0-7EC59A6E24B7}.Debug|Any CPU.ActiveCfg = Debug|Any CPU
		{4E01B66B-2BA5-40F6-A8E0-7EC59A6E24B7}.Debug|Any CPU.Build.0 = Debug|Any CPU
		{4E01B66B-2BA5-40F6-A8E0-7EC59A6E24B7}.Release|Any CPU.ActiveCfg = Release|Any CPU
		{4E01B66B-2BA5-40F6-A8E0-7EC59A6E24B7}.Release|Any CPU.Build.0 = Release|Any CPU
	EndGlobalSection
	GlobalSection(SolutionProperties) = preSolution
		HideSolutionNode = FALSE
	EndGlobalSection
	GlobalSection(ExtensibilityGlobals) = postSolution
		SolutionGuid = {CB54AA81-F35D-454E-AAC0-6BFD43821C6F}
	EndGlobalSection
EndGlobal
