
Microsoft Visual Studio Solution File, Format Version 12.00
# Visual Studio Version 16
VisualStudioVersion = 16.0.29215.179
MinimumVisualStudioVersion = 10.0.40219.1
Project("{F184B08F-C81C-45F6-A57F-5ABD9991F28F}") = "chapter10.2", "chapter10.2.vbproj", "{0ABECF1D-0B98-46EF-A914-C8797F1A873B}"
EndProject
Global
	GlobalSection(SolutionConfigurationPlatforms) = preSolution
		Debug|Any CPU = Debug|Any CPU
		Release|Any CPU = Release|Any CPU
	EndGlobalSection
	GlobalSection(ProjectConfigurationPlatforms) = postSolution
		{0ABECF1D-0B98-46EF-A914-C8797F1A873B}.Debug|Any CPU.ActiveCfg = Debug|Any CPU
		{0ABECF1D-0B98-46EF-A914-C8797F1A873B}.Debug|Any CPU.Build.0 = Debug|Any CPU
		{0ABECF1D-0B98-46EF-A914-C8797F1A873B}.Release|Any CPU.ActiveCfg = Release|Any CPU
		{0ABECF1D-0B98-46EF-A914-C8797F1A873B}.Release|Any CPU.Build.0 = Release|Any CPU
	EndGlobalSection
	GlobalSection(SolutionProperties) = preSolution
		HideSolutionNode = FALSE
	EndGlobalSection
	GlobalSection(ExtensibilityGlobals) = postSolution
		SolutionGuid = {69667EBB-A079-48AC-BA53-C0153F6FBF10}
	EndGlobalSection
EndGlobal
